{
  "name": "node-browser-rpc",
  "version": "1.0.0",
  "lockfileVersion": 1,
  "requires": true,
  "dependencies": {
    "@korzio/djv-draft-04": {
      "version": "2.0.1",
      "resolved": "https://registry.npmjs.org/@korzio/djv-draft-04/-/djv-draft-04-2.0.1.tgz",
      "integrity": "sha512-MeTVcNsfCIYxK6T7jW1sroC7dBAb4IfLmQe6RoCqlxHN5NFkzNpgdnBPR+/0D2wJDUJHM9s9NQv+ouhxKjvUjg==",
      "optional": true
    },
    "@types/node": {
      "version": "10.12.15",
      "resolved": "https://registry.npmjs.org/@types/node/-/node-10.12.15.tgz",
      "integrity": "sha512-9kROxduaN98QghwwHmxXO2Xz3MaWf+I1sLVAA6KJDF5xix+IyXVhds0MAfdNwtcpSrzhaTsNB0/jnL86fgUhqA=="
    },
    "djv": {
      "version": "2.1.1",
      "resolved": "https://registry.npmjs.org/djv/-/djv-2.1.1.tgz",
      "integrity": "sha512-zagE0FRg1XQB5gJK2I9x/pvZhzkUPNfk2CHT0OHTtFcgcvJrRPgfT0FQRIsgzqcWZWmo6uU7c9BawNWj1i/04Q==",
      "requires": {
        "@korzio/djv-draft-04": "^2.0.1"
      }
    },
    "prettier": {
      "version": "1.15.3",
      "resolved": "https://registry.npmjs.org/prettier/-/prettier-1.15.3.tgz",
      "integrity": "sha512-gAU9AGAPMaKb3NNSUUuhhFAS7SCO4ALTN4nRIn6PJ075Qd28Yn2Ig2ahEJWdJwJmlEBTUfC7mMUSFy8MwsOCfg=="
    }
  }
}
